
Microsoft Visual Studio Solution File, Format Version 12.00
# Visual Studio Version 16
VisualStudioVersion = 16.0.30011.22
MinimumVisualStudioVersion = 10.0.40219.1
Project("{FAE04EC0-301F-11D3-BF4B-00C04F79EFBC}") = "WeatherApp.UWP", "WeatherApp\WeatherApp.UWP\WeatherApp.UWP.csproj", "{2ACA2E63-3259-4ACE-B9F3-135D04C04B01}"
EndProject
Project("{FAE04EC0-301F-11D3-BF4B-00C04F79EFBC}") = "WeatherApp.Android", "WeatherApp\WeatherApp.Android\WeatherApp.Android.csproj", "{F28A42CF-0DDC-45D0-88BD-1854FFD7C01D}"
EndProject
Project("{FAE04EC0-301F-11D3-BF4B-00C04F79EFBC}") = "WeatherApp.iOS", "WeatherApp\WeatherApp.iOS\WeatherApp.iOS.csproj", "{FE57F8E5-CF94-4FD5-B25F-6223AA4EE2E6}"
EndProject
Project("{FAE04EC0-301F-11D3-BF4B-00C04F79EFBC}") = "WeatherApp", "WeatherApp\WeatherApp\WeatherApp.csproj", "{CD7A9917-BF42-4026-A5DE-16F1ECE5C10F}"
EndProject
Global
	GlobalSection(SolutionConfigurationPlatforms) = preSolution
		Debug|Any CPU = Debug|Any CPU
		Debug|ARM = Debug|ARM
		Debug|iPhone = Debug|iPhone
		Debug|iPhoneSimulator = Debug|iPhoneSimulator
		Debug|x64 = Debug|x64
		Debug|x86 = Debug|x86
		Release|Any CPU = Release|Any CPU
		Release|ARM = Release|ARM
		Release|iPhone = Release|iPhone
		Release|iPhoneSimulator = Release|iPhoneSimulator
		Release|x64 = Release|x64
		Release|x86 = Release|x86
	EndGlobalSection
	GlobalSection(ProjectConfigurationPlatforms) = postSolution
		{2ACA2E63-3259-4ACE-B9F3-135D04C04B01}.Debug|Any CPU.ActiveCfg = Debug|x86
		{2ACA2E63-3259-4ACE-B9F3-135D04C04B01}.Debug|Any CPU.Build.0 = Debug|x86
		{2ACA2E63-3259-4ACE-B9F3-135D04C04B01}.Debug|Any CPU.Deploy.0 = Debug|x86
		{2ACA2E63-3259-4ACE-B9F3-135D04C04B01}.Debug|ARM.ActiveCfg = Debug|ARM
		{2ACA2E63-3259-4ACE-B9F3-135D04C04B01}.Debug|ARM.Build.0 = Debug|ARM
		{2ACA2E63-3259-4ACE-B9F3-135D04C04B01}.Debug|ARM.Deploy.0 = Debug|ARM
		{2ACA2E63-3259-4ACE-B9F3-135D04C04B01}.Debug|iPhone.ActiveCfg = Debug|x86
		{2ACA2E63-3259-4ACE-B9F3-135D04C04B01}.Debug|iPhone.Build.0 = Debug|x86
		{2ACA2E63-3259-4ACE-B9F3-135D04C04B01}.Debug|iPhone.Deploy.0 = Debug|x86
		{2ACA2E63-3259-4ACE-B9F3-135D04C04B01}.Debug|iPhoneSimulator.ActiveCfg = Debug|x86
		{2ACA2E63-3259-4ACE-B9F3-135D04C04B01}.Debug|iPhoneSimulator.Build.0 = Debug|x86
		{2ACA2E63-3259-4ACE-B9F3-135D04C04B01}.Debug|iPhoneSimulator.Deploy.0 = Debug|x86
		{2ACA2E63-3259-4ACE-B9F3-135D04C04B01}.Debug|x64.ActiveCfg = Debug|x64
		{2ACA2E63-3259-4ACE-B9F3-135D04C04B01}.Debug|x64.Build.0 = Debug|x64
		{2ACA2E63-3259-4ACE-B9F3-135D04C04B01}.Debug|x64.Deploy.0 = Debug|x64
		{2ACA2E63-3259-4ACE-B9F3-135D04C04B01}.Debug|x86.ActiveCfg = Debug|x86
		{2ACA2E63-3259-4ACE-B9F3-135D04C04B01}.Debug|x86.Build.0 = Debug|x86
		{2ACA2E63-3259-4ACE-B9F3-135D04C04B01}.Debug|x86.Deploy.0 = Debug|x86
		{2ACA2E63-3259-4ACE-B9F3-135D04C04B01}.Release|Any CPU.ActiveCfg = Release|x86
		{2ACA2E63-3259-4ACE-B9F3-135D04C04B01}.Release|Any CPU.Build.0 = Release|x86
		{2ACA2E63-3259-4ACE-B9F3-135D04C04B01}.Release|Any CPU.Deploy.0 = Release|x86
		{2ACA2E63-3259-4ACE-B9F3-135D04C04B01}.Release|ARM.ActiveCfg = Release|ARM
		{2ACA2E63-3259-4ACE-B9F3-135D04C04B01}.Release|ARM.Build.0 = Release|ARM
		{2ACA2E63-3259-4ACE-B9F3-135D04C04B01}.Release|ARM.Deploy.0 = Release|ARM
		{2ACA2E63-3259-4ACE-B9F3-135D04C04B01}.Release|iPhone.ActiveCfg = Release|x86
		{2ACA2E63-3259-4ACE-B9F3-135D04C04B01}.Release|iPhone.Build.0 = Release|x86
		{2ACA2E63-3259-4ACE-B9F3-135D04C04B01}.Release|iPhone.Deploy.0 = Release|x86
		{2ACA2E63-3259-4ACE-B9F3-135D04C04B01}.Release|iPhoneSimulator.ActiveCfg = Release|x86
		{2ACA2E63-3259-4ACE-B9F3-135D04C04B01}.Release|iPhoneSimulator.Build.0 = Release|x86
		{2ACA2E63-3259-4ACE-B9F3-135D04C04B01}.Release|iPhoneSimulator.Deploy.0 = Release|x86
		{2ACA2E63-3259-4ACE-B9F3-135D04C04B01}.Release|x64.ActiveCfg = Release|x64
		{2ACA2E63-3259-4ACE-B9F3-135D04C04B01}.Release|x64.Build.0 = Release|x64
		{2ACA2E63-3259-4ACE-B9F3-135D04C04B01}.Release|x64.Deploy.0 = Release|x64
		{2ACA2E63-3259-4ACE-B9F3-135D04C04B01}.Release|x86.ActiveCfg = Release|x86
		{2ACA2E63-3259-4ACE-B9F3-135D04C04B01}.Release|x86.Build.0 = Release|x86
		{2ACA2E63-3259-4ACE-B9F3-135D04C04B01}.Release|x86.Deploy.0 = Release|x86
		{F28A42CF-0DDC-45D0-88BD-1854FFD7C01D}.Debug|Any CPU.ActiveCfg = Debug|Any CPU
		{F28A42CF-0DDC-45D0-88BD-1854FFD7C01D}.Debug|Any CPU.Build.0 = Debug|Any CPU
		{F28A42CF-0DDC-45D0-88BD-1854FFD7C01D}.Debug|Any CPU.Deploy.0 = Debug|Any CPU
		{F28A42CF-0DDC-45D0-88BD-1854FFD7C01D}.Debug|ARM.ActiveCfg = Debug|Any CPU
		{F28A42CF-0DDC-45D0-88BD-1854FFD7C01D}.Debug|ARM.Build.0 = Debug|Any CPU
		{F28A42CF-0DDC-45D0-88BD-1854FFD7C01D}.Debug|ARM.Deploy.0 = Debug|Any CPU
		{F28A42CF-0DDC-45D0-88BD-1854FFD7C01D}.Debug|iPhone.ActiveCfg = Debug|Any CPU
		{F28A42CF-0DDC-45D0-88BD-1854FFD7C01D}.Debug|iPhone.Build.0 = Debug|Any CPU
		{F28A42CF-0DDC-45D0-88BD-1854FFD7C01D}.Debug|iPhone.Deploy.0 = Debug|Any CPU
		{F28A42CF-0DDC-45D0-88BD-1854FFD7C01D}.Debug|iPhoneSimulator.ActiveCfg = Debug|Any CPU
		{F28A42CF-0DDC-45D0-88BD-1854FFD7C01D}.Debug|iPhoneSimulator.Build.0 = Debug|Any CPU
		{F28A42CF-0DDC-45D0-88BD-1854FFD7C01D}.Debug|iPhoneSimulator.Deploy.0 = Debug|Any CPU
		{F28A42CF-0DDC-45D0-88BD-1854FFD7C01D}.Debug|x64.ActiveCfg = Debug|Any CPU
		{F28A42CF-0DDC-45D0-88BD-1854FFD7C01D}.Debug|x64.Build.0 = Debug|Any CPU
		{F28A42CF-0DDC-45D0-88BD-1854FFD7C01D}.Debug|x64.Deploy.0 = Debug|Any CPU
		{F28A42CF-0DDC-45D0-88BD-1854FFD7C01D}.Debug|x86.ActiveCfg = Debug|Any CPU
		{F28A42CF-0DDC-45D0-88BD-1854FFD7C01D}.Debug|x86.Build.0 = Debug|Any CPU
		{F28A42CF-0DDC-45D0-88BD-1854FFD7C01D}.Debug|x86.Deploy.0 = Debug|Any CPU
		{F28A42CF-0DDC-45D0-88BD-1854FFD7C01D}.Release|Any CPU.ActiveCfg = Release|Any CPU
		{F28A42CF-0DDC-45D0-88BD-1854FFD7C01D}.Release|Any CPU.Build.0 = Release|Any CPU
		{F28A42CF-0DDC-45D0-88BD-1854FFD7C01D}.Release|Any CPU.Deploy.0 = Release|Any CPU
		{F28A42CF-0DDC-45D0-88BD-1854FFD7C01D}.Release|ARM.ActiveCfg = Release|Any CPU
		{F28A42CF-0DDC-45D0-88BD-1854FFD7C01D}.Release|ARM.Build.0 = Release|Any CPU
		{F28A42CF-0DDC-45D0-88BD-1854FFD7C01D}.Release|ARM.Deploy.0 = Release|Any CPU
		{F28A42CF-0DDC-45D0-88BD-1854FFD7C01D}.Release|iPhone.ActiveCfg = Release|Any CPU
		{F28A42CF-0DDC-45D0-88BD-1854FFD7C01D}.Release|iPhone.Build.0 = Release|Any CPU
		{F28A42CF-0DDC-45D0-88BD-1854FFD7C01D}.Release|iPhone.Deploy.0 = Release|Any CPU
		{F28A42CF-0DDC-45D0-88BD-1854FFD7C01D}.Release|iPhoneSimulator.ActiveCfg = Release|Any CPU
		{F28A42CF-0DDC-45D0-88BD-1854FFD7C01D}.Release|iPhoneSimulator.Build.0 = Release|Any CPU
		{F28A42CF-0DDC-45D0-88BD-1854FFD7C01D}.Release|iPhoneSimulator.Deploy.0 = Release|Any CPU
		{F28A42CF-0DDC-45D0-88BD-1854FFD7C01D}.Release|x64.ActiveCfg = Release|Any CPU
		{F28A42CF-0DDC-45D0-88BD-1854FFD7C01D}.Release|x64.Build.0 = Release|Any CPU
		{F28A42CF-0DDC-45D0-88BD-1854FFD7C01D}.Release|x64.Deploy.0 = Release|Any CPU
		{F28A42CF-0DDC-45D0-88BD-1854FFD7C01D}.Release|x86.ActiveCfg = Release|Any CPU
		{F28A42CF-0DDC-45D0-88BD-1854FFD7C01D}.Release|x86.Build.0 = Release|Any CPU
		{F28A42CF-0DDC-45D0-88BD-1854FFD7C01D}.Release|x86.Deploy.0 = Release|Any CPU
		{FE57F8E5-CF94-4FD5-B25F-6223AA4EE2E6}.Debug|Any CPU.ActiveCfg = Debug|iPhone
		{FE57F8E5-CF94-4FD5-B25F-6223AA4EE2E6}.Debug|Any CPU.Build.0 = Debug|iPhone
		{FE57F8E5-CF94-4FD5-B25F-6223AA4EE2E6}.Debug|Any CPU.Deploy.0 = Debug|iPhone
		{FE57F8E5-CF94-4FD5-B25F-6223AA4EE2E6}.Debug|ARM.ActiveCfg = Debug|iPhone
		{FE57F8E5-CF94-4FD5-B25F-6223AA4EE2E6}.Debug|ARM.Build.0 = Debug|iPhone
		{FE57F8E5-CF94-4FD5-B25F-6223AA4EE2E6}.Debug|ARM.Deploy.0 = Debug|iPhone
		{FE57F8E5-CF94-4FD5-B25F-6223AA4EE2E6}.Debug|iPhone.ActiveCfg = Debug|iPhone
		{FE57F8E5-CF94-4FD5-B25F-6223AA4EE2E6}.Debug|iPhone.Build.0 = Debug|iPhone
		{FE57F8E5-CF94-4FD5-B25F-6223AA4EE2E6}.Debug|iPhone.Deploy.0 = Debug|iPhone
		{FE57F8E5-CF94-4FD5-B25F-6223AA4EE2E6}.Debug|iPhoneSimulator.ActiveCfg = Debug|iPhoneSimulator
		{FE57F8E5-CF94-4FD5-B25F-6223AA4EE2E6}.Debug|iPhoneSimulator.Build.0 = Debug|iPhoneSimulator
		{FE57F8E5-CF94-4FD5-B25F-6223AA4EE2E6}.Debug|iPhoneSimulator.Deploy.0 = Debug|iPhoneSimulator
		{FE57F8E5-CF94-4FD5-B25F-6223AA4EE2E6}.Debug|x64.ActiveCfg = Debug|iPhone
		{FE57F8E5-CF94-4FD5-B25F-6223AA4EE2E6}.Debug|x64.Build.0 = Debug|iPhone
		{FE57F8E5-CF94-4FD5-B25F-6223AA4EE2E6}.Debug|x64.Deploy.0 = Debug|iPhone
		{FE57F8E5-CF94-4FD5-B25F-6223AA4EE2E6}.Debug|x86.ActiveCfg = Debug|iPhone
		{FE57F8E5-CF94-4FD5-B25F-6223AA4EE2E6}.Debug|x86.Build.0 = Debug|iPhone
		{FE57F8E5-CF94-4FD5-B25F-6223AA4EE2E6}.Debug|x86.Deploy.0 = Debug|iPhone
		{FE57F8E5-CF94-4FD5-B25F-6223AA4EE2E6}.Release|Any CPU.ActiveCfg = Release|iPhone
		{FE57F8E5-CF94-4FD5-B25F-6223AA4EE2E6}.Release|Any CPU.Build.0 = Release|iPhone
		{FE57F8E5-CF94-4FD5-B25F-6223AA4EE2E6}.Release|Any CPU.Deploy.0 = Release|iPhone
		{FE57F8E5-CF94-4FD5-B25F-6223AA4EE2E6}.Release|ARM.ActiveCfg = Release|iPhone
		{FE57F8E5-CF94-4FD5-B25F-6223AA4EE2E6}.Release|ARM.Build.0 = Release|iPhone
		{FE57F8E5-CF94-4FD5-B25F-6223AA4EE2E6}.Release|ARM.Deploy.0 = Release|iPhone
		{FE57F8E5-CF94-4FD5-B25F-6223AA4EE2E6}.Release|iPhone.ActiveCfg = Release|iPhone
		{FE57F8E5-CF94-4FD5-B25F-6223AA4EE2E6}.Release|iPhone.Build.0 = Release|iPhone
		{FE57F8E5-CF94-4FD5-B25F-6223AA4EE2E6}.Release|iPhone.Deploy.0 = Release|iPhone
		{FE57F8E5-CF94-4FD5-B25F-6223AA4EE2E6}.Release|iPhoneSimulator.ActiveCfg = Release|iPhoneSimulator
		{FE57F8E5-CF94-4FD5-B25F-6223AA4EE2E6}.Release|iPhoneSimulator.Build.0 = Release|iPhoneSimulator
		{FE57F8E5-CF94-4FD5-B25F-6223AA4EE2E6}.Release|iPhoneSimulator.Deploy.0 = Release|iPhoneSimulator
		{FE57F8E5-CF94-4FD5-B25F-6223AA4EE2E6}.Release|x64.ActiveCfg = Release|iPhone
		{FE57F8E5-CF94-4FD5-B25F-6223AA4EE2E6}.Release|x64.Build.0 = Release|iPhone
		{FE57F8E5-CF94-4FD5-B25F-6223AA4EE2E6}.Release|x64.Deploy.0 = Release|iPhone
		{FE57F8E5-CF94-4FD5-B25F-6223AA4EE2E6}.Release|x86.ActiveCfg = Release|iPhone
		{FE57F8E5-CF94-4FD5-B25F-6223AA4EE2E6}.Release|x86.Build.0 = Release|iPhone
		{FE57F8E5-CF94-4FD5-B25F-6223AA4EE2E6}.Release|x86.Deploy.0 = Release|iPhone
		{CD7A9917-BF42-4026-A5DE-16F1ECE5C10F}.Debug|Any CPU.ActiveCfg = Debug|Any CPU
		{CD7A9917-BF42-4026-A5DE-16F1ECE5C10F}.Debug|Any CPU.Build.0 = Debug|Any CPU
		{CD7A9917-BF42-4026-A5DE-16F1ECE5C10F}.Debug|Any CPU.Deploy.0 = Debug|Any CPU
		{CD7A9917-BF42-4026-A5DE-16F1ECE5C10F}.Debug|ARM.ActiveCfg = Debug|Any CPU
		{CD7A9917-BF42-4026-A5DE-16F1ECE5C10F}.Debug|ARM.Build.0 = Debug|Any CPU
		{CD7A9917-BF42-4026-A5DE-16F1ECE5C10F}.Debug|ARM.Deploy.0 = Debug|Any CPU
		{CD7A9917-BF42-4026-A5DE-16F1ECE5C10F}.Debug|iPhone.ActiveCfg = Debug|Any CPU
		{CD7A9917-BF42-4026-A5DE-16F1ECE5C10F}.Debug|iPhone.Build.0 = Debug|Any CPU
		{CD7A9917-BF42-4026-A5DE-16F1ECE5C10F}.Debug|iPhone.Deploy.0 = Debug|Any CPU
		{CD7A9917-BF42-4026-A5DE-16F1ECE5C10F}.Debug|iPhoneSimulator.ActiveCfg = Debug|Any CPU
		{CD7A9917-BF42-4026-A5DE-16F1ECE5C10F}.Debug|iPhoneSimulator.Build.0 = Debug|Any CPU
		{CD7A9917-BF42-4026-A5DE-16F1ECE5C10F}.Debug|iPhoneSimulator.Deploy.0 = Debug|Any CPU
		{CD7A9917-BF42-4026-A5DE-16F1ECE5C10F}.Debug|x64.ActiveCfg = Debug|Any CPU
		{CD7A9917-BF42-4026-A5DE-16F1ECE5C10F}.Debug|x64.Build.0 = Debug|Any CPU
		{CD7A9917-BF42-4026-A5DE-16F1ECE5C10F}.Debug|x64.Deploy.0 = Debug|Any CPU
		{CD7A9917-BF42-4026-A5DE-16F1ECE5C10F}.Debug|x86.ActiveCfg = Debug|Any CPU
		{CD7A9917-BF42-4026-A5DE-16F1ECE5C10F}.Debug|x86.Build.0 = Debug|Any CPU
		{CD7A9917-BF42-4026-A5DE-16F1ECE5C10F}.Debug|x86.Deploy.0 = Debug|Any CPU
		{CD7A9917-BF42-4026-A5DE-16F1ECE5C10F}.Release|Any CPU.ActiveCfg = Release|Any CPU
		{CD7A9917-BF42-4026-A5DE-16F1ECE5C10F}.Release|Any CPU.Build.0 = Release|Any CPU
		{CD7A9917-BF42-4026-A5DE-16F1ECE5C10F}.Release|Any CPU.Deploy.0 = Release|Any CPU
		{CD7A9917-BF42-4026-A5DE-16F1ECE5C10F}.Release|ARM.ActiveCfg = Release|Any CPU
		{CD7A9917-BF42-4026-A5DE-16F1ECE5C10F}.Release|ARM.Build.0 = Release|Any CPU
		{CD7A9917-BF42-4026-A5DE-16F1ECE5C10F}.Release|ARM.Deploy.0 = Release|Any CPU
		{CD7A9917-BF42-4026-A5DE-16F1ECE5C10F}.Release|iPhone.ActiveCfg = Release|Any CPU
		{CD7A9917-BF42-4026-A5DE-16F1ECE5C10F}.Release|iPhone.Build.0 = Release|Any CPU
		{CD7A9917-BF42-4026-A5DE-16F1ECE5C10F}.Release|iPhone.Deploy.0 = Release|Any CPU
		{CD7A9917-BF42-4026-A5DE-16F1ECE5C10F}.Release|iPhoneSimulator.ActiveCfg = Release|Any CPU
		{CD7A9917-BF42-4026-A5DE-16F1ECE5C10F}.Release|iPhoneSimulator.Build.0 = Release|Any CPU
		{CD7A9917-BF42-4026-A5DE-16F1ECE5C10F}.Release|iPhoneSimulator.Deploy.0 = Release|Any CPU
		{CD7A9917-BF42-4026-A5DE-16F1ECE5C10F}.Release|x64.ActiveCfg = Release|Any CPU
		{CD7A9917-BF42-4026-A5DE-16F1ECE5C10F}.Release|x64.Build.0 = Release|Any CPU
		{CD7A9917-BF42-4026-A5DE-16F1ECE5C10F}.Release|x64.Deploy.0 = Release|Any CPU
		{CD7A9917-BF42-4026-A5DE-16F1ECE5C10F}.Release|x86.ActiveCfg = Release|Any CPU
		{CD7A9917-BF42-4026-A5DE-16F1ECE5C10F}.Release|x86.Build.0 = Release|Any CPU
		{CD7A9917-BF42-4026-A5DE-16F1ECE5C10F}.Release|x86.Deploy.0 = Release|Any CPU
	EndGlobalSection
	GlobalSection(SolutionProperties) = preSolution
		HideSolutionNode = FALSE
	EndGlobalSection
	GlobalSection(ExtensibilityGlobals) = postSolution
		SolutionGuid = {F80BB39D-1F2E-4FF0-8906-5BC294B95273}
	EndGlobalSection
EndGlobal
